
Microsoft Visual Studio Solution File, Format Version 12.00
# Visual Studio Version 17
VisualStudioVersion = 17.12.35527.113
MinimumVisualStudioVersion = 10.0.40219.1
Project("{FAE04EC0-301F-11D3-BF4B-00C04F79EFBC}") = "Demo", "Demo\Demo.csproj", "{D481B3F1-0961-41DC-8EAC-F660856671C3}"
EndProject
Project("{FAE04EC0-301F-11D3-BF4B-00C04F79EFBC}") = "Demo_Goll", "Demo_Goll\Demo_Goll.csproj", "{B2BF3644-807C-425F-AD2A-BB7F13A48BC0}"
EndProject
Global
	GlobalSection(SolutionConfigurationPlatforms) = preSolution
		Debug|Any CPU = Debug|Any CPU
		Release|Any CPU = Release|Any CPU
	EndGlobalSection
	GlobalSection(ProjectConfigurationPlatforms) = postSolution
		{D481B3F1-0961-41DC-8EAC-F660856671C3}.Debug|Any CPU.ActiveCfg = Debug|Any CPU
		{D481B3F1-0961-41DC-8EAC-F660856671C3}.Debug|Any CPU.Build.0 = Debug|Any CPU
		{D481B3F1-0961-41DC-8EAC-F660856671C3}.Release|Any CPU.ActiveCfg = Release|Any CPU
		{D481B3F1-0961-41DC-8EAC-F660856671C3}.Release|Any CPU.Build.0 = Release|Any CPU
		{B2BF3644-807C-425F-AD2A-BB7F13A48BC0}.Debug|Any CPU.ActiveCfg = Debug|Any CPU
		{B2BF3644-807C-425F-AD2A-BB7F13A48BC0}.Debug|Any CPU.Build.0 = Debug|Any CPU
		{B2BF3644-807C-425F-AD2A-BB7F13A48BC0}.Release|Any CPU.ActiveCfg = Release|Any CPU
		{B2BF3644-807C-425F-AD2A-BB7F13A48BC0}.Release|Any CPU.Build.0 = Release|Any CPU
	EndGlobalSection
	GlobalSection(SolutionProperties) = preSolution
		HideSolutionNode = FALSE
	EndGlobalSection
EndGlobal
